
Microsoft Visual Studio Solution File, Format Version 12.00
# Visual Studio Version 16
VisualStudioVersion = 16.0.33529.622
MinimumVisualStudioVersion = 10.0.40219.1
Project("{FAE04EC0-301F-11D3-BF4B-00C04F79EFBC}") = "EjerciciosEnric", "EjerciciosEnric\EjerciciosEnric.csproj", "{C05FD625-2B93-40B6-BCAD-1FB4878673A3}"
EndProject
Global
	GlobalSection(SolutionConfigurationPlatforms) = preSolution
		Debug|Any CPU = Debug|Any CPU
		Release|Any CPU = Release|Any CPU
	EndGlobalSection
	GlobalSection(ProjectConfigurationPlatforms) = postSolution
		{C05FD625-2B93-40B6-BCAD-1FB4878673A3}.Debug|Any CPU.ActiveCfg = Debug|Any CPU
		{C05FD625-2B93-40B6-BCAD-1FB4878673A3}.Debug|Any CPU.Build.0 = Debug|Any CPU
		{C05FD625-2B93-40B6-BCAD-1FB4878673A3}.Release|Any CPU.ActiveCfg = Release|Any CPU
		{C05FD625-2B93-40B6-BCAD-1FB4878673A3}.Release|Any CPU.Build.0 = Release|Any CPU
	EndGlobalSection
	GlobalSection(SolutionProperties) = preSolution
		HideSolutionNode = FALSE
	EndGlobalSection
	GlobalSection(ExtensibilityGlobals) = postSolution
		SolutionGuid = {04218264-A8F3-42AD-B73F-2AF70B951B0F}
	EndGlobalSection
EndGlobal
